{
  "meteor": {},
  "dependencies": {
    "basePackages": {
      "underscore-string-latest": {},
      "minimongoid": {}
    },
    "packages": {
      "underscore-string-latest": {
        "git": "https://github.com/TimHeckel/meteor-underscore-string.git",
        "tag": "v2.3.3",
        "commit": "4a5d70eee48fbd90a6e6fc78747250d704a0b3bb"
      },
      "minimongoid": {
        "git": "https://github.com/Exygy/minimongoid.git",
        "tag": "v0.7.6",
        "commit": "fb551186f3a2dc3606df9f48f4083e7fa1e1bfca"
      },
      "underscore-inflection": {
        "git": "https://github.com/pius/meteor-underscore-inflection.git",
        "tag": "v1.0.0",
        "commit": "fe5f71cf03f10ba1bf9483a85e8290c9db028ea2"
      },
      "underscore-string": {
        "git": "https://github.com/possibilities/meteor-underscore-string.git",
        "tag": "v2.2.0rc.1",
        "commit": "dec21fac23310daf76dc19f246749e7beb48af03"
      }
    }
  }
}
