{
  "meteor": {},
  "dependencies": {
    "basePackages": {
      "underscore-string-latest": {},
      "minimongoid": {}
    },
    "packages": {
      "underscore-string-latest": {
        "git": "https://github.com/TimHeckel/meteor-underscore-string.git",
        "tag": "v2.3.3",
        "commit": "4a5d70eee48fbd90a6e6fc78747250d704a0b3bb"
      },
      "minimongoid": {
        "git": "https://github.com/Exygy/minimongoid.git",
        "tag": "v0.8.0",
        "commit": "4f62f61ad5a34688e2b547dc843d76de4a254f7d"
      }
    }
  }
}
