{
  "meteor": {},
  "dependencies": {
    "basePackages": {
      "underscore-string-latest": {},
      "minimongoid": {
        "path": ".."
      }
    },
    "packages": {
      "underscore-string-latest": {
        "git": "https://github.com/TimHeckel/meteor-underscore-string.git",
        "tag": "v2.3.3",
        "commit": "4a5d70eee48fbd90a6e6fc78747250d704a0b3bb"
      },
      "minimongoid": {
        "path": ".."
      }
    }
  }
}
