{
  "meteor": {},
  "dependencies": {
    "basePackages": {
      "minimongoid": {
        "path": "."
      }
    },
    "packages": {
      "minimongoid": {
        "path": "."
      },
      "underscore-inflection": {
        "git": "https://github.com/pius/meteor-underscore-inflection.git",
        "tag": "v1.0.0",
        "commit": "fe5f71cf03f10ba1bf9483a85e8290c9db028ea2"
      },
      "underscore-string-latest": {
        "git": "https://github.com/TimHeckel/meteor-underscore-string.git",
        "tag": "v2.3.3",
        "commit": "4a5d70eee48fbd90a6e6fc78747250d704a0b3bb"
      }
    }
  }
}
